{
  "lockfileVersion": 1,
  "configVersion": 1,
  "workspaces": {
    "": {
      "name": "fire-horse",
      "devDependencies": {
        "@napi-rs/canvas": "^0.1.57",
        "@types/bun": "latest",
      },
    },
  },
  "packages": {
    "@napi-rs/canvas": ["@napi-rs/canvas@0.1.93", "", { "optionalDependencies": { "@napi-rs/canvas-android-arm64": "0.1.93", "@napi-rs/canvas-darwin-arm64": "0.1.93", "@napi-rs/canvas-darwin-x64": "0.1.93", "@napi-rs/canvas-linux-arm-gnueabihf": "0.1.93", "@napi-rs/canvas-linux-arm64-gnu": "0.1.93", "@napi-rs/canvas-linux-arm64-musl": "0.1.93", "@napi-rs/canvas-linux-riscv64-gnu": "0.1.93", "@napi-rs/canvas-linux-x64-gnu": "0.1.93", "@napi-rs/canvas-linux-x64-musl": "0.1.93", "@napi-rs/canvas-win32-arm64-msvc": "0.1.93", "@napi-rs/canvas-win32-x64-msvc": "0.1.93" } }, "sha512-unVFo8CUlUeJCCxt50+j4yy91NF4x6n9zdGcvEsOFAWzowtZm3mgx8X2D7xjwV0cFSfxmpGPoe+JS77uzeFsxg=="],

    "@napi-rs/canvas-android-arm64": ["@napi-rs/canvas-android-arm64@0.1.93", "", { "os": "android", "cpu": "arm64" }, "sha512-xRIoOPFvneR29Dtq5d9p2AJbijDCFeV4jQ+5Ms/xVAXJVb8R0Jlu+pPr/SkhrG+Mouaml4roPSXugTIeRl6CMA=="],

    "@napi-rs/canvas-darwin-arm64": ["@napi-rs/canvas-darwin-arm64@0.1.93", "", { "os": "darwin", "cpu": "arm64" }, "sha512-daNDi76HN5grC6GXDmpxdfP+N2mQPd3sCfg62VyHwUuvbZh32P7R/IUjkzAxtYMtTza+Zvx9hfLJ3J7ENL6WMA=="],

    "@napi-rs/canvas-darwin-x64": ["@napi-rs/canvas-darwin-x64@0.1.93", "", { "os": "darwin", "cpu": "x64" }, "sha512-1YfuNPIQLawsg/gSNdJRk4kQWUy9M/Gy8FGsOI79nhQEJ2PZdqpSPl5UNzf4elfuNXuVbEbmmjP68EQdUunDuQ=="],

    "@napi-rs/canvas-linux-arm-gnueabihf": ["@napi-rs/canvas-linux-arm-gnueabihf@0.1.93", "", { "os": "linux", "cpu": "arm" }, "sha512-8kEkOQPZjuyHjupvXExuJZiuiVNecdABGq3DLI7aO1EvQFOOlWMm2d/8Q5qXdV73Tn+nu3m16+kPajsN1oJefQ=="],

    "@napi-rs/canvas-linux-arm64-gnu": ["@napi-rs/canvas-linux-arm64-gnu@0.1.93", "", { "os": "linux", "cpu": "arm64" }, "sha512-qIKLKkBkYSyWSYAoDThoxf5y1gr4X0g7W8rDU7d2HDeAAcotdVHUwuKkMeNe6+5VNk7/95EIhbslQjSxiCu32g=="],

    "@napi-rs/canvas-linux-arm64-musl": ["@napi-rs/canvas-linux-arm64-musl@0.1.93", "", { "os": "linux", "cpu": "arm64" }, "sha512-mAwQBGM3qArS9XEO21AK4E1uGvCuUCXjhIZk0dlVvs49MQ6wAAuCkYKNFpSKeSicKrLWwBMfgWX4qZoPh+M00A=="],

    "@napi-rs/canvas-linux-riscv64-gnu": ["@napi-rs/canvas-linux-riscv64-gnu@0.1.93", "", { "os": "linux", "cpu": "none" }, "sha512-kaIH5MpPzOZfkM+QMsBxGdM9jlJT+N+fwz2IEaju/S+DL65E5TgPOx4QcD5dQ8vsMxlak6uDrudBc4ns5xzZCw=="],

    "@napi-rs/canvas-linux-x64-gnu": ["@napi-rs/canvas-linux-x64-gnu@0.1.93", "", { "os": "linux", "cpu": "x64" }, "sha512-KtMZJqYWvOSeW5w3VSV2f5iGnwNdKJm4gwgVid4xNy1NFi+NJSyuglA1lX1u4wIPxizyxh8OW5c5Usf6oSOMNQ=="],

    "@napi-rs/canvas-linux-x64-musl": ["@napi-rs/canvas-linux-x64-musl@0.1.93", "", { "os": "linux", "cpu": "x64" }, "sha512-qRZhOvlDBooRLX6V3/t9X9B+plZK+OrPLgfFixu0A1RO/3VHbubOknfnMnocSDAqk/L6cRyKI83VP2ciR9UO7w=="],

    "@napi-rs/canvas-win32-arm64-msvc": ["@napi-rs/canvas-win32-arm64-msvc@0.1.93", "", { "os": "win32", "cpu": "arm64" }, "sha512-um5XE44vF8bjkQEsH2iRSUP9fDeQGYbn/qjM/v4whXG83qsqapAXlOPOQqSARZB1SiNvPUAuXoRsJLlKFmAEFw=="],

    "@napi-rs/canvas-win32-x64-msvc": ["@napi-rs/canvas-win32-x64-msvc@0.1.93", "", { "os": "win32", "cpu": "x64" }, "sha512-maHlizZgmKsAPJwjwBZMnsWfq3Ca9QutoteQwKe7YqsmbECoylrLCCOGCDOredstW4BRWqRTfCl6NJaVVeAQvQ=="],

    "@types/bun": ["@types/bun@1.3.9", "", { "dependencies": { "bun-types": "1.3.9" } }, "sha512-KQ571yULOdWJiMH+RIWIOZ7B2RXQGpL1YQrBtLIV3FqDcCu6FsbFUBwhdKUlCKUpS3PJDsHlJ1QKlpxoVR+xtw=="],

    "@types/node": ["@types/node@25.2.3", "", { "dependencies": { "undici-types": "~7.16.0" } }, "sha512-m0jEgYlYz+mDJZ2+F4v8D1AyQb+QzsNqRuI7xg1VQX/KlKS0qT9r1Mo16yo5F/MtifXFgaofIFsdFMox2SxIbQ=="],

    "bun-types": ["bun-types@1.3.9", "", { "dependencies": { "@types/node": "*" } }, "sha512-+UBWWOakIP4Tswh0Bt0QD0alpTY8cb5hvgiYeWCMet9YukHbzuruIEeXC2D7nMJPB12kbh8C7XJykSexEqGKJg=="],

    "undici-types": ["undici-types@7.16.0", "", {}, "sha512-Zz+aZWSj8LE6zoxD+xrjh4VfkIG8Ya6LvYkZqtUQGJPZjYl53ypCaUwWqo7eI0x66KBGeRo+mlBEkMSeSZ38Nw=="],
  }
}
